// !$*UTF8*$!
{
	archiveVersion = 1;
	classes = {
	};
	objectVersion = 46;
	objects = {

/* Begin PBXBuildFile section */
		0106CAF51B61D89D002D7385 /* MainBackgroundImage.swift in Sources */ = {isa = PBXBuildFile; fileRef = 0106CAF41B61D89D002D7385 /* MainBackgroundImage.swift */; };
		010DBE371B3BA9390017F47E /* PageContent1ViewController.swift in Sources */ = {isa = PBXBuildFile; fileRef = 010DBE341B3BA9390017F47E /* PageContent1ViewController.swift */; };
		010DBE381B3BA9390017F47E /* PageContent2ViewController.swift in Sources */ = {isa = PBXBuildFile; fileRef = 010DBE351B3BA9390017F47E /* PageContent2ViewController.swift */; };
		010DBE391B3BA9390017F47E /* PageViewController.swift in Sources */ = {isa = PBXBuildFile; fileRef = 010DBE361B3BA9390017F47E /* PageViewController.swift */; };
		0110D1AC1B610AD4000F67B3 /* EkoImage.swift in Sources */ = {isa = PBXBuildFile; fileRef = 0110D1AB1B610AD4000F67B3 /* EkoImage.swift */; };
		019782A61B326BF900168223 /* AppDelegate.swift in Sources */ = {isa = PBXBuildFile; fileRef = 019782A51B326BF900168223 /* AppDelegate.swift */; };
		019782A81B326BF900168223 /* searchViewController.swift in Sources */ = {isa = PBXBuildFile; fileRef = 019782A71B326BF900168223 /* searchViewController.swift */; };
		019782AB1B326BF900168223 /* Main.storyboard in Resources */ = {isa = PBXBuildFile; fileRef = 019782A91B326BF900168223 /* Main.storyboard */; };
		019782AD1B326BF900168223 /* Images.xcassets in Resources */ = {isa = PBXBuildFile; fileRef = 019782AC1B326BF900168223 /* Images.xcassets */; };
		019782B01B326BF900168223 /* LaunchScreen.xib in Resources */ = {isa = PBXBuildFile; fileRef = 019782AE1B326BF900168223 /* LaunchScreen.xib */; };
		019782BC1B326BF900168223 /* YueJiTests.swift in Sources */ = {isa = PBXBuildFile; fileRef = 019782BB1B326BF900168223 /* YueJiTests.swift */; };
		019782C61B326E6100168223 /* HttpController.swift in Sources */ = {isa = PBXBuildFile; fileRef = 019782C51B326E6100168223 /* HttpController.swift */; };
		019782CA1B329E3F00168223 /* SongParser.swift in Sources */ = {isa = PBXBuildFile; fileRef = 019782C91B329E3F00168223 /* SongParser.swift */; };
		01F1D8E31B889ACF00B708F3 /* searchTableViewCell.swift in Sources */ = {isa = PBXBuildFile; fileRef = 01F1D8E21B889ACF00B708F3 /* searchTableViewCell.swift */; };
		01F3AB791B34F27800AB150F /* Song.swift in Sources */ = {isa = PBXBuildFile; fileRef = 01F3AB781B34F27800AB150F /* Song.swift */; };
		01F3AB801B34F29D00AB150F /* SongTableViewCell.swift in Sources */ = {isa = PBXBuildFile; fileRef = 01F3AB7A1B34F29D00AB150F /* SongTableViewCell.swift */; };
		01F3AB811B34F29D00AB150F /* TabViewController.swift in Sources */ = {isa = PBXBuildFile; fileRef = 01F3AB7B1B34F29D00AB150F /* TabViewController.swift */; };
		01F3AB821B34F29D00AB150F /* ChanelViewController.swift in Sources */ = {isa = PBXBuildFile; fileRef = 01F3AB7C1B34F29D00AB150F /* ChanelViewController.swift */; };
		01F3AB841B34F29D00AB150F /* ChannelCollectionViewController.swift in Sources */ = {isa = PBXBuildFile; fileRef = 01F3AB7E1B34F29D00AB150F /* ChannelCollectionViewController.swift */; };
		01F3AB851B34F29D00AB150F /* ChannelCollectionViewCell.swift in Sources */ = {isa = PBXBuildFile; fileRef = 01F3AB7F1B34F29D00AB150F /* ChannelCollectionViewCell.swift */; };
		01F3AB871B34F2D100AB150F /* MainViewController.swift in Sources */ = {isa = PBXBuildFile; fileRef = 01F3AB861B34F2D100AB150F /* MainViewController.swift */; };
		01F3AB891B35066600AB150F /* SongCollectionViewCell.swift in Sources */ = {isa = PBXBuildFile; fileRef = 01F3AB881B35066600AB150F /* SongCollectionViewCell.swift */; };
		01F53F4C1B78D1DF00CDDBA4 /* FavouriteViewController.swift in Sources */ = {isa = PBXBuildFile; fileRef = 01F53F4B1B78D1DF00CDDBA4 /* FavouriteViewController.swift */; };
		01F5645A1B86FB4000BA154C /* searchDetailViewController.swift in Sources */ = {isa = PBXBuildFile; fileRef = 01F564591B86FB4000BA154C /* searchDetailViewController.swift */; };
		01F71CBA1B84552200F4ACBE /* FavouriteTableViewCell.swift in Sources */ = {isa = PBXBuildFile; fileRef = 01F71CB91B84552200F4ACBE /* FavouriteTableViewCell.swift */; };
		01FD96451B82C4B1000BD742 /* SongData.swift in Sources */ = {isa = PBXBuildFile; fileRef = 01FD96441B82C4B1000BD742 /* SongData.swift */; };
		2845C3269A52A90B56E33780 /* Pods.framework in Frameworks */ = {isa = PBXBuildFile; fileRef = 8461B78FBA853C35C2A23D5E /* Pods.framework */; };
		2AF766C9B7BC256B1B516F59 /* Pods_YueJiTests.framework in Frameworks */ = {isa = PBXBuildFile; fileRef = ECC4C77836BFA30A2CDD823D /* Pods_YueJiTests.framework */; };
		ADF1D30D2C3989C57392F889 /* Pods_YueJi.framework in Frameworks */ = {isa = PBXBuildFile; fileRef = BD8E62C5C7894F1B78C6D27C /* Pods_YueJi.framework */; };
/* End PBXBuildFile section */

/* Begin PBXContainerItemProxy section */
		019782B61B326BF900168223 /* PBXContainerItemProxy */ = {
			isa = PBXContainerItemProxy;
			containerPortal = 019782981B326BF900168223 /* Project object */;
			proxyType = 1;
			remoteGlobalIDString = 0197829F1B326BF900168223;
			remoteInfo = YueJi;
		};
/* End PBXContainerItemProxy section */

/* Begin PBXFileReference section */
		0106CAF41B61D89D002D7385 /* MainBackgroundImage.swift */ = {isa = PBXFileReference; fileEncoding = 4; lastKnownFileType = sourcecode.swift; path = MainBackgroundImage.swift; sourceTree = "<group>"; };
		010DBE341B3BA9390017F47E /* PageContent1ViewController.swift */ = {isa = PBXFileReference; fileEncoding = 4; lastKnownFileType = sourcecode.swift; path = PageContent1ViewController.swift; sourceTree = "<group>"; };
		010DBE351B3BA9390017F47E /* PageContent2ViewController.swift */ = {isa = PBXFileReference; fileEncoding = 4; lastKnownFileType = sourcecode.swift; path = PageContent2ViewController.swift; sourceTree = "<group>"; };
		010DBE361B3BA9390017F47E /* PageViewController.swift */ = {isa = PBXFileReference; fileEncoding = 4; lastKnownFileType = sourcecode.swift; path = PageViewController.swift; sourceTree = "<group>"; };
		0110D1AB1B610AD4000F67B3 /* EkoImage.swift */ = {isa = PBXFileReference; fileEncoding = 4; lastKnownFileType = sourcecode.swift; path = EkoImage.swift; sourceTree = "<group>"; };
		0189154403A886477197DC0D /* Pods.debug.xcconfig */ = {isa = PBXFileReference; includeInIndex = 1; lastKnownFileType = text.xcconfig; name = Pods.debug.xcconfig; path = "Pods/Target Support Files/Pods/Pods.debug.xcconfig"; sourceTree = "<group>"; };
		019782A01B326BF900168223 /* YueJi.app */ = {isa = PBXFileReference; explicitFileType = wrapper.application; includeInIndex = 0; path = YueJi.app; sourceTree = BUILT_PRODUCTS_DIR; };
		019782A41B326BF900168223 /* Info.plist */ = {isa = PBXFileReference; lastKnownFileType = text.plist.xml; path = Info.plist; sourceTree = "<group>"; };
		019782A51B326BF900168223 /* AppDelegate.swift */ = {isa = PBXFileReference; lastKnownFileType = sourcecode.swift; path = AppDelegate.swift; sourceTree = "<group>"; };
		019782A71B326BF900168223 /* searchViewController.swift */ = {isa = PBXFileReference; lastKnownFileType = sourcecode.swift; path = searchViewController.swift; sourceTree = "<group>"; };
		019782AA1B326BF900168223 /* Base */ = {isa = PBXFileReference; lastKnownFileType = file.storyboard; name = Base; path = Base.lproj/Main.storyboard; sourceTree = "<group>"; };
		019782AC1B326BF900168223 /* Images.xcassets */ = {isa = PBXFileReference; lastKnownFileType = folder.assetcatalog; path = Images.xcassets; sourceTree = "<group>"; };
		019782AF1B326BF900168223 /* Base */ = {isa = PBXFileReference; lastKnownFileType = file.xib; name = Base; path = Base.lproj/LaunchScreen.xib; sourceTree = "<group>"; };
		019782B51B326BF900168223 /* YueJiTests.xctest */ = {isa = PBXFileReference; explicitFileType = wrapper.cfbundle; includeInIndex = 0; path = YueJiTests.xctest; sourceTree = BUILT_PRODUCTS_DIR; };
		019782BA1B326BF900168223 /* Info.plist */ = {isa = PBXFileReference; lastKnownFileType = text.plist.xml; path = Info.plist; sourceTree = "<group>"; };
		019782BB1B326BF900168223 /* YueJiTests.swift */ = {isa = PBXFileReference; lastKnownFileType = sourcecode.swift; path = YueJiTests.swift; sourceTree = "<group>"; };
		019782C51B326E6100168223 /* HttpController.swift */ = {isa = PBXFileReference; fileEncoding = 4; lastKnownFileType = sourcecode.swift; path = HttpController.swift; sourceTree = "<group>"; };
		019782C91B329E3F00168223 /* SongParser.swift */ = {isa = PBXFileReference; fileEncoding = 4; lastKnownFileType = sourcecode.swift; path = SongParser.swift; sourceTree = "<group>"; };
		01F1D8E21B889ACF00B708F3 /* searchTableViewCell.swift */ = {isa = PBXFileReference; fileEncoding = 4; lastKnownFileType = sourcecode.swift; path = searchTableViewCell.swift; sourceTree = "<group>"; };
		01F3AB781B34F27800AB150F /* Song.swift */ = {isa = PBXFileReference; fileEncoding = 4; lastKnownFileType = sourcecode.swift; path = Song.swift; sourceTree = "<group>"; };
		01F3AB7A1B34F29D00AB150F /* SongTableViewCell.swift */ = {isa = PBXFileReference; fileEncoding = 4; lastKnownFileType = sourcecode.swift; path = SongTableViewCell.swift; sourceTree = "<group>"; };
		01F3AB7B1B34F29D00AB150F /* TabViewController.swift */ = {isa = PBXFileReference; fileEncoding = 4; lastKnownFileType = sourcecode.swift; path = TabViewController.swift; sourceTree = "<group>"; };
		01F3AB7C1B34F29D00AB150F /* ChanelViewController.swift */ = {isa = PBXFileReference; fileEncoding = 4; lastKnownFileType = sourcecode.swift; path = ChanelViewController.swift; sourceTree = "<group>"; };
		01F3AB7E1B34F29D00AB150F /* ChannelCollectionViewController.swift */ = {isa = PBXFileReference; fileEncoding = 4; lastKnownFileType = sourcecode.swift; path = ChannelCollectionViewController.swift; sourceTree = "<group>"; };
		01F3AB7F1B34F29D00AB150F /* ChannelCollectionViewCell.swift */ = {isa = PBXFileReference; fileEncoding = 4; lastKnownFileType = sourcecode.swift; path = ChannelCollectionViewCell.swift; sourceTree = "<group>"; };
		01F3AB861B34F2D100AB150F /* MainViewController.swift */ = {isa = PBXFileReference; fileEncoding = 4; lastKnownFileType = sourcecode.swift; path = MainViewController.swift; sourceTree = "<group>"; };
		01F3AB881B35066600AB150F /* SongCollectionViewCell.swift */ = {isa = PBXFileReference; fileEncoding = 4; lastKnownFileType = sourcecode.swift; path = SongCollectionViewCell.swift; sourceTree = "<group>"; };
		01F53F4B1B78D1DF00CDDBA4 /* FavouriteViewController.swift */ = {isa = PBXFileReference; fileEncoding = 4; lastKnownFileType = sourcecode.swift; path = FavouriteViewController.swift; sourceTree = "<group>"; };
		01F564591B86FB4000BA154C /* searchDetailViewController.swift */ = {isa = PBXFileReference; fileEncoding = 4; lastKnownFileType = sourcecode.swift; path = searchDetailViewController.swift; sourceTree = "<group>"; };
		01F71CB91B84552200F4ACBE /* FavouriteTableViewCell.swift */ = {isa = PBXFileReference; fileEncoding = 4; lastKnownFileType = sourcecode.swift; path = FavouriteTableViewCell.swift; sourceTree = "<group>"; };
		01FD96441B82C4B1000BD742 /* SongData.swift */ = {isa = PBXFileReference; fileEncoding = 4; lastKnownFileType = sourcecode.swift; path = SongData.swift; sourceTree = "<group>"; };
		0BAD177E5B7492B1083149A2 /* Pods-YueJiTests.debug.xcconfig */ = {isa = PBXFileReference; includeInIndex = 1; lastKnownFileType = text.xcconfig; name = "Pods-YueJiTests.debug.xcconfig"; path = "Pods/Target Support Files/Pods-YueJiTests/Pods-YueJiTests.debug.xcconfig"; sourceTree = "<group>"; };
		2F6C9C60303A66729F043EC8 /* Pods-YueJiTests.release.xcconfig */ = {isa = PBXFileReference; includeInIndex = 1; lastKnownFileType = text.xcconfig; name = "Pods-YueJiTests.release.xcconfig"; path = "Pods/Target Support Files/Pods-YueJiTests/Pods-YueJiTests.release.xcconfig"; sourceTree = "<group>"; };
		43A44D0C5D0DA47AB5A1686C /* Pods.release.xcconfig */ = {isa = PBXFileReference; includeInIndex = 1; lastKnownFileType = text.xcconfig; name = Pods.release.xcconfig; path = "Pods/Target Support Files/Pods/Pods.release.xcconfig"; sourceTree = "<group>"; };
		8461B78FBA853C35C2A23D5E /* Pods.framework */ = {isa = PBXFileReference; explicitFileType = wrapper.framework; includeInIndex = 0; path = Pods.framework; sourceTree = BUILT_PRODUCTS_DIR; };
		BD8E62C5C7894F1B78C6D27C /* Pods_YueJi.framework */ = {isa = PBXFileReference; explicitFileType = wrapper.framework; includeInIndex = 0; path = Pods_YueJi.framework; sourceTree = BUILT_PRODUCTS_DIR; };
		DC05489FF50207FB9CF59A3F /* Pods-YueJi.release.xcconfig */ = {isa = PBXFileReference; includeInIndex = 1; lastKnownFileType = text.xcconfig; name = "Pods-YueJi.release.xcconfig"; path = "Pods/Target Support Files/Pods-YueJi/Pods-YueJi.release.xcconfig"; sourceTree = "<group>"; };
		ECC4C77836BFA30A2CDD823D /* Pods_YueJiTests.framework */ = {isa = PBXFileReference; explicitFileType = wrapper.framework; includeInIndex = 0; path = Pods_YueJiTests.framework; sourceTree = BUILT_PRODUCTS_DIR; };
		FD106DE5A967877DA337FACF /* Pods-YueJi.debug.xcconfig */ = {isa = PBXFileReference; includeInIndex = 1; lastKnownFileType = text.xcconfig; name = "Pods-YueJi.debug.xcconfig"; path = "Pods/Target Support Files/Pods-YueJi/Pods-YueJi.debug.xcconfig"; sourceTree = "<group>"; };
/* End PBXFileReference section */

/* Begin PBXFrameworksBuildPhase section */
		0197829D1B326BF900168223 /* Frameworks */ = {
			isa = PBXFrameworksBuildPhase;
			buildActionMask = 2147483647;
			files = (
				2845C3269A52A90B56E33780 /* Pods.framework in Frameworks */,
				ADF1D30D2C3989C57392F889 /* Pods_YueJi.framework in Frameworks */,
			);
			runOnlyForDeploymentPostprocessing = 0;
		};
		019782B21B326BF900168223 /* Frameworks */ = {
			isa = PBXFrameworksBuildPhase;
			buildActionMask = 2147483647;
			files = (
				2AF766C9B7BC256B1B516F59 /* Pods_YueJiTests.framework in Frameworks */,
			);
			runOnlyForDeploymentPostprocessing = 0;
		};
/* End PBXFrameworksBuildPhase section */

/* Begin PBXGroup section */
		0106CAF31B61D4B0002D7385 /* View */ = {
			isa = PBXGroup;
			children = (
				0110D1AB1B610AD4000F67B3 /* EkoImage.swift */,
				0106CAF41B61D89D002D7385 /* MainBackgroundImage.swift */,
			);
			name = View;
			sourceTree = "<group>";
		};
		010DBE331B3BA91D0017F47E /* WalkThrough */ = {
			isa = PBXGroup;
			children = (
				010DBE341B3BA9390017F47E /* PageContent1ViewController.swift */,
				010DBE351B3BA9390017F47E /* PageContent2ViewController.swift */,
				010DBE361B3BA9390017F47E /* PageViewController.swift */,
			);
			name = WalkThrough;
			sourceTree = "<group>";
		};
		0183A8671B50F33D00CDD7C7 /* Helper */ = {
			isa = PBXGroup;
			children = (
				019782C51B326E6100168223 /* HttpController.swift */,
				019782C91B329E3F00168223 /* SongParser.swift */,
			);
			name = Helper;
			sourceTree = "<group>";
		};
		019782971B326BF900168223 = {
			isa = PBXGroup;
			children = (
				019782A21B326BF900168223 /* YueJi */,
				019782B81B326BF900168223 /* YueJiTests */,
				019782A11B326BF900168223 /* Products */,
				483BEF2A829E46B76B035310 /* Pods */,
				842519503D4DDAC7C793709D /* Frameworks */,
			);
			sourceTree = "<group>";
		};
		019782A11B326BF900168223 /* Products */ = {
			isa = PBXGroup;
			children = (
				019782A01B326BF900168223 /* YueJi.app */,
				019782B51B326BF900168223 /* YueJiTests.xctest */,
			);
			name = Products;
			sourceTree = "<group>";
		};
		019782A21B326BF900168223 /* YueJi */ = {
			isa = PBXGroup;
			children = (
				019782A91B326BF900168223 /* Main.storyboard */,
				0106CAF31B61D4B0002D7385 /* View */,
				01F3AB771B34F24F00AB150F /* Music */,
				01F53F4A1B78D1B500CDDBA4 /* Favourites */,
				01F564581B86BD4200BA154C /* SearchView */,
				01FD96431B82C468000BD742 /* Data */,
				010DBE331B3BA91D0017F47E /* WalkThrough */,
				019782A31B326BF900168223 /* Supporting Files */,
			);
			path = YueJi;
			sourceTree = "<group>";
		};
		019782A31B326BF900168223 /* Supporting Files */ = {
			isa = PBXGroup;
			children = (
				019782A51B326BF900168223 /* AppDelegate.swift */,
				019782AE1B326BF900168223 /* LaunchScreen.xib */,
				0183A8671B50F33D00CDD7C7 /* Helper */,
				019782AC1B326BF900168223 /* Images.xcassets */,
				019782A41B326BF900168223 /* Info.plist */,
			);
			name = "Supporting Files";
			sourceTree = "<group>";
		};
		019782B81B326BF900168223 /* YueJiTests */ = {
			isa = PBXGroup;
			children = (
				019782BB1B326BF900168223 /* YueJiTests.swift */,
				019782B91B326BF900168223 /* Supporting Files */,
			);
			path = YueJiTests;
			sourceTree = "<group>";
		};
		019782B91B326BF900168223 /* Supporting Files */ = {
			isa = PBXGroup;
			children = (
				019782BA1B326BF900168223 /* Info.plist */,
			);
			name = "Supporting Files";
			sourceTree = "<group>";
		};
		01F3AB771B34F24F00AB150F /* Music */ = {
			isa = PBXGroup;
			children = (
				01F3AB781B34F27800AB150F /* Song.swift */,
				01F3AB7A1B34F29D00AB150F /* SongTableViewCell.swift */,
				01F3AB7B1B34F29D00AB150F /* TabViewController.swift */,
				01F3AB7C1B34F29D00AB150F /* ChanelViewController.swift */,
				01F3AB861B34F2D100AB150F /* MainViewController.swift */,
				01F3AB881B35066600AB150F /* SongCollectionViewCell.swift */,
				01F3AB7E1B34F29D00AB150F /* ChannelCollectionViewController.swift */,
				01F3AB7F1B34F29D00AB150F /* ChannelCollectionViewCell.swift */,
			);
			name = Music;
			sourceTree = "<group>";
		};
		01F53F4A1B78D1B500CDDBA4 /* Favourites */ = {
			isa = PBXGroup;
			children = (
				01F53F4B1B78D1DF00CDDBA4 /* FavouriteViewController.swift */,
				01F71CB91B84552200F4ACBE /* FavouriteTableViewCell.swift */,
			);
			name = Favourites;
			sourceTree = "<group>";
		};
		01F564581B86BD4200BA154C /* SearchView */ = {
			isa = PBXGroup;
			children = (
				019782A71B326BF900168223 /* searchViewController.swift */,
				01F1D8E21B889ACF00B708F3 /* searchTableViewCell.swift */,
				01F564591B86FB4000BA154C /* searchDetailViewController.swift */,
			);
			name = SearchView;
			sourceTree = "<group>";
		};
		01FD96431B82C468000BD742 /* Data */ = {
			isa = PBXGroup;
			children = (
				01FD96441B82C4B1000BD742 /* SongData.swift */,
			);
			name = Data;
			sourceTree = "<group>";
		};
		483BEF2A829E46B76B035310 /* Pods */ = {
			isa = PBXGroup;
			children = (
				0189154403A886477197DC0D /* Pods.debug.xcconfig */,
				43A44D0C5D0DA47AB5A1686C /* Pods.release.xcconfig */,
				0BAD177E5B7492B1083149A2 /* Pods-YueJiTests.debug.xcconfig */,
				2F6C9C60303A66729F043EC8 /* Pods-YueJiTests.release.xcconfig */,
				FD106DE5A967877DA337FACF /* Pods-YueJi.debug.xcconfig */,
				DC05489FF50207FB9CF59A3F /* Pods-YueJi.release.xcconfig */,
			);
			name = Pods;
			sourceTree = "<group>";
		};
		842519503D4DDAC7C793709D /* Frameworks */ = {
			isa = PBXGroup;
			children = (
				8461B78FBA853C35C2A23D5E /* Pods.framework */,
				BD8E62C5C7894F1B78C6D27C /* Pods_YueJi.framework */,
				ECC4C77836BFA30A2CDD823D /* Pods_YueJiTests.framework */,
			);
			name = Frameworks;
			sourceTree = "<group>";
		};
/* End PBXGroup section */

/* Begin PBXNativeTarget section */
		0197829F1B326BF900168223 /* YueJi */ = {
			isa = PBXNativeTarget;
			buildConfigurationList = 019782BF1B326BF900168223 /* Build configuration list for PBXNativeTarget "YueJi" */;
			buildPhases = (
				72A6C649ED7D74BA9484E258 /* Check Pods Manifest.lock */,
				0197829C1B326BF900168223 /* Sources */,
				0197829D1B326BF900168223 /* Frameworks */,
				0197829E1B326BF900168223 /* Resources */,
				B0F9A9A8CE160E3AB3B60DB5 /* Embed Pods Frameworks */,
				E99D15A98C913F273F852111 /* Copy Pods Resources */,
			);
			buildRules = (
			);
			dependencies = (
			);
			name = YueJi;
			productName = YueJi;
			productReference = 019782A01B326BF900168223 /* YueJi.app */;
			productType = "com.apple.product-type.application";
		};
		019782B41B326BF900168223 /* YueJiTests */ = {
			isa = PBXNativeTarget;
			buildConfigurationList = 019782C21B326BF900168223 /* Build configuration list for PBXNativeTarget "YueJiTests" */;
			buildPhases = (
				F73C7E162FD21398E407B862 /* Check Pods Manifest.lock */,
				019782B11B326BF900168223 /* Sources */,
				019782B21B326BF900168223 /* Frameworks */,
				019782B31B326BF900168223 /* Resources */,
				12D5A47A87C79771821038EC /* Embed Pods Frameworks */,
				3D4903B2F4F64D619E0DD931 /* Copy Pods Resources */,
			);
			buildRules = (
			);
			dependencies = (
				019782B71B326BF900168223 /* PBXTargetDependency */,
			);
			name = YueJiTests;
			productName = YueJiTests;
			productReference = 019782B51B326BF900168223 /* YueJiTests.xctest */;
			productType = "com.apple.product-type.bundle.unit-test";
		};
/* End PBXNativeTarget section */

/* Begin PBXProject section */
		019782981B326BF900168223 /* Project object */ = {
			isa = PBXProject;
			attributes = {
				LastSwiftMigration = 0700;
				LastSwiftUpdateCheck = 0700;
				LastUpgradeCheck = 0700;
				ORGANIZATIONNAME = "翁嘉升";
				TargetAttributes = {
					0197829F1B326BF900168223 = {
						CreatedOnToolsVersion = 6.3.2;
						DevelopmentTeam = E5248R4YJH;
					};
					019782B41B326BF900168223 = {
						CreatedOnToolsVersion = 6.3.2;
						TestTargetID = 0197829F1B326BF900168223;
					};
				};
			};
			buildConfigurationList = 0197829B1B326BF900168223 /* Build configuration list for PBXProject "YueJi" */;
			compatibilityVersion = "Xcode 3.2";
			developmentRegion = English;
			hasScannedForEncodings = 0;
			knownRegions = (
				en,
				Base,
			);
			mainGroup = 019782971B326BF900168223;
			productRefGroup = 019782A11B326BF900168223 /* Products */;
			projectDirPath = "";
			projectRoot = "";
			targets = (
				0197829F1B326BF900168223 /* YueJi */,
				019782B41B326BF900168223 /* YueJiTests */,
			);
		};
/* End PBXProject section */

/* Begin PBXResourcesBuildPhase section */
		0197829E1B326BF900168223 /* Resources */ = {
			isa = PBXResourcesBuildPhase;
			buildActionMask = 2147483647;
			files = (
				019782AB1B326BF900168223 /* Main.storyboard in Resources */,
				019782B01B326BF900168223 /* LaunchScreen.xib in Resources */,
				019782AD1B326BF900168223 /* Images.xcassets in Resources */,
			);
			runOnlyForDeploymentPostprocessing = 0;
		};
		019782B31B326BF900168223 /* Resources */ = {
			isa = PBXResourcesBuildPhase;
			buildActionMask = 2147483647;
			files = (
			);
			runOnlyForDeploymentPostprocessing = 0;
		};
/* End PBXResourcesBuildPhase section */

/* Begin PBXShellScriptBuildPhase section */
		12D5A47A87C79771821038EC /* Embed Pods Frameworks */ = {
			isa = PBXShellScriptBuildPhase;
			buildActionMask = 2147483647;
			files = (
			);
			inputPaths = (
			);
			name = "Embed Pods Frameworks";
			outputPaths = (
			);
			runOnlyForDeploymentPostprocessing = 0;
			shellPath = /bin/sh;
			shellScript = "\"${SRCROOT}/Pods/Target Support Files/Pods-YueJiTests/Pods-YueJiTests-frameworks.sh\"\n";
			showEnvVarsInLog = 0;
		};
		3D4903B2F4F64D619E0DD931 /* Copy Pods Resources */ = {
			isa = PBXShellScriptBuildPhase;
			buildActionMask = 2147483647;
			files = (
			);
			inputPaths = (
			);
			name = "Copy Pods Resources";
			outputPaths = (
			);
			runOnlyForDeploymentPostprocessing = 0;
			shellPath = /bin/sh;
			shellScript = "\"${SRCROOT}/Pods/Target Support Files/Pods-YueJiTests/Pods-YueJiTests-resources.sh\"\n";
			showEnvVarsInLog = 0;
		};
		72A6C649ED7D74BA9484E258 /* Check Pods Manifest.lock */ = {
			isa = PBXShellScriptBuildPhase;
			buildActionMask = 2147483647;
			files = (
			);
			inputPaths = (
			);
			name = "Check Pods Manifest.lock";
			outputPaths = (
			);
			runOnlyForDeploymentPostprocessing = 0;
			shellPath = /bin/sh;
			shellScript = "diff \"${PODS_ROOT}/../Podfile.lock\" \"${PODS_ROOT}/Manifest.lock\" > /dev/null\nif [[ $? != 0 ]] ; then\n    cat << EOM\nerror: The sandbox is not in sync with the Podfile.lock. Run 'pod install' or update your CocoaPods installation.\nEOM\n    exit 1\nfi\n";
			showEnvVarsInLog = 0;
		};
		B0F9A9A8CE160E3AB3B60DB5 /* Embed Pods Frameworks */ = {
			isa = PBXShellScriptBuildPhase;
			buildActionMask = 2147483647;
			files = (
			);
			inputPaths = (
			);
			name = "Embed Pods Frameworks";
			outputPaths = (
			);
			runOnlyForDeploymentPostprocessing = 0;
			shellPath = /bin/sh;
			shellScript = "\"${SRCROOT}/Pods/Target Support Files/Pods-YueJi/Pods-YueJi-frameworks.sh\"\n";
			showEnvVarsInLog = 0;
		};
		E99D15A98C913F273F852111 /* Copy Pods Resources */ = {
			isa = PBXShellScriptBuildPhase;
			buildActionMask = 2147483647;
			files = (
			);
			inputPaths = (
			);
			name = "Copy Pods Resources";
			outputPaths = (
			);
			runOnlyForDeploymentPostprocessing = 0;
			shellPath = /bin/sh;
			shellScript = "\"${SRCROOT}/Pods/Target Support Files/Pods-YueJi/Pods-YueJi-resources.sh\"\n";
			showEnvVarsInLog = 0;
		};
		F73C7E162FD21398E407B862 /* Check Pods Manifest.lock */ = {
			isa = PBXShellScriptBuildPhase;
			buildActionMask = 2147483647;
			files = (
			);
			inputPaths = (
			);
			name = "Check Pods Manifest.lock";
			outputPaths = (
			);
			runOnlyForDeploymentPostprocessing = 0;
			shellPath = /bin/sh;
			shellScript = "diff \"${PODS_ROOT}/../Podfile.lock\" \"${PODS_ROOT}/Manifest.lock\" > /dev/null\nif [[ $? != 0 ]] ; then\n    cat << EOM\nerror: The sandbox is not in sync with the Podfile.lock. Run 'pod install' or update your CocoaPods installation.\nEOM\n    exit 1\nfi\n";
			showEnvVarsInLog = 0;
		};
/* End PBXShellScriptBuildPhase section */

/* Begin PBXSourcesBuildPhase section */
		0197829C1B326BF900168223 /* Sources */ = {
			isa = PBXSourcesBuildPhase;
			buildActionMask = 2147483647;
			files = (
				010DBE381B3BA9390017F47E /* PageContent2ViewController.swift in Sources */,
				01F3AB841B34F29D00AB150F /* ChannelCollectionViewController.swift in Sources */,
				01F3AB801B34F29D00AB150F /* SongTableViewCell.swift in Sources */,
				01F71CBA1B84552200F4ACBE /* FavouriteTableViewCell.swift in Sources */,
				010DBE371B3BA9390017F47E /* PageContent1ViewController.swift in Sources */,
				01F53F4C1B78D1DF00CDDBA4 /* FavouriteViewController.swift in Sources */,
				01F3AB851B34F29D00AB150F /* ChannelCollectionViewCell.swift in Sources */,
				01F5645A1B86FB4000BA154C /* searchDetailViewController.swift in Sources */,
				01F3AB871B34F2D100AB150F /* MainViewController.swift in Sources */,
				019782A81B326BF900168223 /* searchViewController.swift in Sources */,
				019782A61B326BF900168223 /* AppDelegate.swift in Sources */,
				019782CA1B329E3F00168223 /* SongParser.swift in Sources */,
				01FD96451B82C4B1000BD742 /* SongData.swift in Sources */,
				019782C61B326E6100168223 /* HttpController.swift in Sources */,
				01F3AB811B34F29D00AB150F /* TabViewController.swift in Sources */,
				0110D1AC1B610AD4000F67B3 /* EkoImage.swift in Sources */,
				01F3AB791B34F27800AB150F /* Song.swift in Sources */,
				01F1D8E31B889ACF00B708F3 /* searchTableViewCell.swift in Sources */,
				01F3AB821B34F29D00AB150F /* ChanelViewController.swift in Sources */,
				01F3AB891B35066600AB150F /* SongCollectionViewCell.swift in Sources */,
				0106CAF51B61D89D002D7385 /* MainBackgroundImage.swift in Sources */,
				010DBE391B3BA9390017F47E /* PageViewController.swift in Sources */,
			);
			runOnlyForDeploymentPostprocessing = 0;
		};
		019782B11B326BF900168223 /* Sources */ = {
			isa = PBXSourcesBuildPhase;
			buildActionMask = 2147483647;
			files = (
				019782BC1B326BF900168223 /* YueJiTests.swift in Sources */,
			);
			runOnlyForDeploymentPostprocessing = 0;
		};
/* End PBXSourcesBuildPhase section */

/* Begin PBXTargetDependency section */
		019782B71B326BF900168223 /* PBXTargetDependency */ = {
			isa = PBXTargetDependency;
			target = 0197829F1B326BF900168223 /* YueJi */;
			targetProxy = 019782B61B326BF900168223 /* PBXContainerItemProxy */;
		};
/* End PBXTargetDependency section */

/* Begin PBXVariantGroup section */
		019782A91B326BF900168223 /* Main.storyboard */ = {
			isa = PBXVariantGroup;
			children = (
				019782AA1B326BF900168223 /* Base */,
			);
			name = Main.storyboard;
			sourceTree = "<group>";
		};
		019782AE1B326BF900168223 /* LaunchScreen.xib */ = {
			isa = PBXVariantGroup;
			children = (
				019782AF1B326BF900168223 /* Base */,
			);
			name = LaunchScreen.xib;
			sourceTree = "<group>";
		};
/* End PBXVariantGroup section */

/* Begin XCBuildConfiguration section */
		019782BD1B326BF900168223 /* Debug */ = {
			isa = XCBuildConfiguration;
			buildSettings = {
				ALWAYS_SEARCH_USER_PATHS = NO;
				CLANG_CXX_LANGUAGE_STANDARD = "gnu++0x";
				CLANG_CXX_LIBRARY = "libc++";
				CLANG_ENABLE_MODULES = YES;
				CLANG_ENABLE_OBJC_ARC = YES;
				CLANG_WARN_BOOL_CONVERSION = YES;
				CLANG_WARN_CONSTANT_CONVERSION = YES;
				CLANG_WARN_DIRECT_OBJC_ISA_USAGE = YES_ERROR;
				CLANG_WARN_EMPTY_BODY = YES;
				CLANG_WARN_ENUM_CONVERSION = YES;
				CLANG_WARN_INT_CONVERSION = YES;
				CLANG_WARN_OBJC_ROOT_CLASS = YES_ERROR;
				CLANG_WARN_UNREACHABLE_CODE = YES;
				CLANG_WARN__DUPLICATE_METHOD_MATCH = YES;
				"CODE_SIGN_IDENTITY[sdk=iphoneos*]" = "iPhone Developer";
				COPY_PHASE_STRIP = NO;
				DEBUG_INFORMATION_FORMAT = "dwarf-with-dsym";
				ENABLE_STRICT_OBJC_MSGSEND = YES;
				ENABLE_TESTABILITY = YES;
				GCC_C_LANGUAGE_STANDARD = gnu99;
				GCC_DYNAMIC_NO_PIC = NO;
				GCC_NO_COMMON_BLOCKS = YES;
				GCC_OPTIMIZATION_LEVEL = 0;
				GCC_PREPROCESSOR_DEFINITIONS = (
					"DEBUG=1",
					"$(inherited)",
				);
				GCC_SYMBOLS_PRIVATE_EXTERN = NO;
				GCC_WARN_64_TO_32_BIT_CONVERSION = YES;
				GCC_WARN_ABOUT_RETURN_TYPE = YES_ERROR;
				GCC_WARN_UNDECLARED_SELECTOR = YES;
				GCC_WARN_UNINITIALIZED_AUTOS = YES_AGGRESSIVE;
				GCC_WARN_UNUSED_FUNCTION = YES;
				GCC_WARN_UNUSED_VARIABLE = YES;
				IPHONEOS_DEPLOYMENT_TARGET = 8.3;
				MTL_ENABLE_DEBUG_INFO = YES;
				ONLY_ACTIVE_ARCH = YES;
				RUN_CLANG_STATIC_ANALYZER = NO;
				SDKROOT = iphoneos;
				SWIFT_OPTIMIZATION_LEVEL = "-Onone";
			};
			name = Debug;
		};
		019782BE1B326BF900168223 /* Release */ = {
			isa = XCBuildConfiguration;
			buildSettings = {
				ALWAYS_SEARCH_USER_PATHS = NO;
				CLANG_CXX_LANGUAGE_STANDARD = "gnu++0x";
				CLANG_CXX_LIBRARY = "libc++";
				CLANG_ENABLE_MODULES = YES;
				CLANG_ENABLE_OBJC_ARC = YES;
				CLANG_WARN_BOOL_CONVERSION = YES;
				CLANG_WARN_CONSTANT_CONVERSION = YES;
				CLANG_WARN_DIRECT_OBJC_ISA_USAGE = YES_ERROR;
				CLANG_WARN_EMPTY_BODY = YES;
				CLANG_WARN_ENUM_CONVERSION = YES;
				CLANG_WARN_INT_CONVERSION = YES;
				CLANG_WARN_OBJC_ROOT_CLASS = YES_ERROR;
				CLANG_WARN_UNREACHABLE_CODE = YES;
				CLANG_WARN__DUPLICATE_METHOD_MATCH = YES;
				"CODE_SIGN_IDENTITY[sdk=iphoneos*]" = "iPhone Developer";
				COPY_PHASE_STRIP = NO;
				DEBUG_INFORMATION_FORMAT = "dwarf-with-dsym";
				ENABLE_NS_ASSERTIONS = NO;
				ENABLE_STRICT_OBJC_MSGSEND = YES;
				GCC_C_LANGUAGE_STANDARD = gnu99;
				GCC_NO_COMMON_BLOCKS = YES;
				GCC_WARN_64_TO_32_BIT_CONVERSION = YES;
				GCC_WARN_ABOUT_RETURN_TYPE = YES_ERROR;
				GCC_WARN_UNDECLARED_SELECTOR = YES;
				GCC_WARN_UNINITIALIZED_AUTOS = YES_AGGRESSIVE;
				GCC_WARN_UNUSED_FUNCTION = YES;
				GCC_WARN_UNUSED_VARIABLE = YES;
				IPHONEOS_DEPLOYMENT_TARGET = 8.3;
				MTL_ENABLE_DEBUG_INFO = NO;
				RUN_CLANG_STATIC_ANALYZER = NO;
				SDKROOT = iphoneos;
				VALIDATE_PRODUCT = YES;
			};
			name = Release;
		};
		019782C01B326BF900168223 /* Debug */ = {
			isa = XCBuildConfiguration;
			baseConfigurationReference = FD106DE5A967877DA337FACF /* Pods-YueJi.debug.xcconfig */;
			buildSettings = {
				ASSETCATALOG_COMPILER_APPICON_NAME = AppIcon;
				ASSETCATALOG_COMPILER_LAUNCHIMAGE_NAME = LaunchImage;
				CODE_SIGN_IDENTITY = "iPhone Developer";
				ENABLE_BITCODE = YES;
				INFOPLIST_FILE = YueJi/Info.plist;
				IPHONEOS_DEPLOYMENT_TARGET = 8.0;
				LD_RUNPATH_SEARCH_PATHS = "$(inherited) @executable_path/Frameworks";
				PRODUCT_BUNDLE_IDENTIFIER = "com.hensonyung.$(PRODUCT_NAME:rfc1034identifier)";
				PRODUCT_NAME = "$(TARGET_NAME)";
				RUN_CLANG_STATIC_ANALYZER = NO;
				TARGETED_DEVICE_FAMILY = 1;
			};
			name = Debug;
		};
		019782C11B326BF900168223 /* Release */ = {
			isa = XCBuildConfiguration;
			baseConfigurationReference = DC05489FF50207FB9CF59A3F /* Pods-YueJi.release.xcconfig */;
			buildSettings = {
				ASSETCATALOG_COMPILER_APPICON_NAME = AppIcon;
				ASSETCATALOG_COMPILER_LAUNCHIMAGE_NAME = LaunchImage;
				CODE_SIGN_IDENTITY = "iPhone Developer";
				ENABLE_BITCODE = YES;
				INFOPLIST_FILE = YueJi/Info.plist;
				IPHONEOS_DEPLOYMENT_TARGET = 8.0;
				LD_RUNPATH_SEARCH_PATHS = "$(inherited) @executable_path/Frameworks";
				PRODUCT_BUNDLE_IDENTIFIER = "com.hensonyung.$(PRODUCT_NAME:rfc1034identifier)";
				PRODUCT_NAME = "$(TARGET_NAME)";
				RUN_CLANG_STATIC_ANALYZER = NO;
				TARGETED_DEVICE_FAMILY = 1;
			};
			name = Release;
		};
		019782C31B326BF900168223 /* Debug */ = {
			isa = XCBuildConfiguration;
			buildSettings = {
				BUNDLE_LOADER = "$(TEST_HOST)";
				FRAMEWORK_SEARCH_PATHS = (
					"$(SDKROOT)/Developer/Library/Frameworks",
					"$(inherited)",
				);
				GCC_PREPROCESSOR_DEFINITIONS = (
					"DEBUG=1",
					"$(inherited)",
				);
				INFOPLIST_FILE = YueJiTests/Info.plist;
				LD_RUNPATH_SEARCH_PATHS = "$(inherited) @executable_path/Frameworks @loader_path/Frameworks";
				PRODUCT_BUNDLE_IDENTIFIER = "com.hensonyung.$(PRODUCT_NAME:rfc1034identifier)";
				PRODUCT_NAME = "$(TARGET_NAME)";
				TEST_HOST = "$(BUILT_PRODUCTS_DIR)/YueJi.app/YueJi";
			};
			name = Debug;
		};
		019782C41B326BF900168223 /* Release */ = {
			isa = XCBuildConfiguration;
			buildSettings = {
				BUNDLE_LOADER = "$(TEST_HOST)";
				FRAMEWORK_SEARCH_PATHS = (
					"$(SDKROOT)/Developer/Library/Frameworks",
					"$(inherited)",
				);
				INFOPLIST_FILE = YueJiTests/Info.plist;
				LD_RUNPATH_SEARCH_PATHS = "$(inherited) @executable_path/Frameworks @loader_path/Frameworks";
				PRODUCT_BUNDLE_IDENTIFIER = "com.hensonyung.$(PRODUCT_NAME:rfc1034identifier)";
				PRODUCT_NAME = "$(TARGET_NAME)";
				TEST_HOST = "$(BUILT_PRODUCTS_DIR)/YueJi.app/YueJi";
			};
			name = Release;
		};
/* End XCBuildConfiguration section */

/* Begin XCConfigurationList section */
		0197829B1B326BF900168223 /* Build configuration list for PBXProject "YueJi" */ = {
			isa = XCConfigurationList;
			buildConfigurations = (
				019782BD1B326BF900168223 /* Debug */,
				019782BE1B326BF900168223 /* Release */,
			);
			defaultConfigurationIsVisible = 0;
			defaultConfigurationName = Release;
		};
		019782BF1B326BF900168223 /* Build configuration list for PBXNativeTarget "YueJi" */ = {
			isa = XCConfigurationList;
			buildConfigurations = (
				019782C01B326BF900168223 /* Debug */,
				019782C11B326BF900168223 /* Release */,
			);
			defaultConfigurationIsVisible = 0;
			defaultConfigurationName = Release;
		};
		019782C21B326BF900168223 /* Build configuration list for PBXNativeTarget "YueJiTests" */ = {
			isa = XCConfigurationList;
			buildConfigurations = (
				019782C31B326BF900168223 /* Debug */,
				019782C41B326BF900168223 /* Release */,
			);
			defaultConfigurationIsVisible = 0;
			defaultConfigurationName = Release;
		};
/* End XCConfigurationList section */
	};
	rootObject = 019782981B326BF900168223 /* Project object */;
}
